
Microsoft Visual Studio Solution File, Format Version 12.00
# Visual Studio Version 17
VisualStudioVersion = 17.9.34714.143
MinimumVisualStudioVersion = 10.0.40219.1
Project("{FAE04EC0-301F-11D3-BF4B-00C04F79EFBC}") = "WebApplication1", "WebApplication1\WebApplication1.csproj", "{ECC742F2-1E0E-425F-BB5D-4DE9B0EB91F5}"
EndProject
Global
	GlobalSection(SolutionConfigurationPlatforms) = preSolution
		Debug|Any CPU = Debug|Any CPU
		Release|Any CPU = Release|Any CPU
	EndGlobalSection
	GlobalSection(ProjectConfigurationPlatforms) = postSolution
		{ECC742F2-1E0E-425F-BB5D-4DE9B0EB91F5}.Debug|Any CPU.ActiveCfg = Debug|Any CPU
		{ECC742F2-1E0E-425F-BB5D-4DE9B0EB91F5}.Debug|Any CPU.Build.0 = Debug|Any CPU
		{ECC742F2-1E0E-425F-BB5D-4DE9B0EB91F5}.Release|Any CPU.ActiveCfg = Release|Any CPU
		{ECC742F2-1E0E-425F-BB5D-4DE9B0EB91F5}.Release|Any CPU.Build.0 = Release|Any CPU
	EndGlobalSection
	GlobalSection(SolutionProperties) = preSolution
		HideSolutionNode = FALSE
	EndGlobalSection
	GlobalSection(ExtensibilityGlobals) = postSolution
		SolutionGuid = {E8F8488E-2337-4958-A49D-D36E7BE7EE76}
	EndGlobalSection
EndGlobal
